
Microsoft Visual Studio Solution File, Format Version 12.00
# Visual Studio 14
VisualStudioVersion = 14.0.23107.0
MinimumVisualStudioVersion = 10.0.40219.1
Project("{FAE04EC0-301F-11D3-BF4B-00C04F79EFBC}") = "Problem1SquareRoot", "Problem1SquareRoot\Problem1SquareRoot.csproj", "{C50A5164-99E7-40BE-AC5C-7E0323DEA17E}"
EndProject
Project("{FAE04EC0-301F-11D3-BF4B-00C04F79EFBC}") = "Problem2EnterNumbers", "Problem2EnterNumbers\Problem2EnterNumbers.csproj", "{5261C457-6389-4B12-BFC1-18500BA9532C}"
EndProject
Global
	GlobalSection(SolutionConfigurationPlatforms) = preSolution
		Debug|Any CPU = Debug|Any CPU
		Release|Any CPU = Release|Any CPU
	EndGlobalSection
	GlobalSection(ProjectConfigurationPlatforms) = postSolution
		{C50A5164-99E7-40BE-AC5C-7E0323DEA17E}.Debug|Any CPU.ActiveCfg = Debug|Any CPU
		{C50A5164-99E7-40BE-AC5C-7E0323DEA17E}.Debug|Any CPU.Build.0 = Debug|Any CPU
		{C50A5164-99E7-40BE-AC5C-7E0323DEA17E}.Release|Any CPU.ActiveCfg = Release|Any CPU
		{C50A5164-99E7-40BE-AC5C-7E0323DEA17E}.Release|Any CPU.Build.0 = Release|Any CPU
		{5261C457-6389-4B12-BFC1-18500BA9532C}.Debug|Any CPU.ActiveCfg = Debug|Any CPU
		{5261C457-6389-4B12-BFC1-18500BA9532C}.Debug|Any CPU.Build.0 = Debug|Any CPU
		{5261C457-6389-4B12-BFC1-18500BA9532C}.Release|Any CPU.ActiveCfg = Release|Any CPU
		{5261C457-6389-4B12-BFC1-18500BA9532C}.Release|Any CPU.Build.0 = Release|Any CPU
	EndGlobalSection
	GlobalSection(SolutionProperties) = preSolution
		HideSolutionNode = FALSE
	EndGlobalSection
EndGlobal
