
Microsoft Visual Studio Solution File, Format Version 12.00
# Visual Studio 14
VisualStudioVersion = 14.0.23107.0
MinimumVisualStudioVersion = 10.0.40219.1
Project("{FAE04EC0-301F-11D3-BF4B-00C04F79EFBC}") = "Problem1Persons", "Problem1Persons\Problem1Persons.csproj", "{4B193857-D5EC-4222-8ED9-CB65031F6004}"
EndProject
Project("{FAE04EC0-301F-11D3-BF4B-00C04F79EFBC}") = "Problem2Laptop Shop", "Problem2Laptop Shop\Problem2Laptop Shop.csproj", "{50163509-8EFD-4C55-A45C-6103EFD5F576}"
EndProject
Project("{FAE04EC0-301F-11D3-BF4B-00C04F79EFBC}") = "Problem3PCCatalog", "Problem3PCCatalog\Problem3PCCatalog.csproj", "{2B7F74E7-8C81-46E0-A644-590089C9C908}"
EndProject
Project("{FAE04EC0-301F-11D3-BF4B-00C04F79EFBC}") = "ExerciseDefiningClasse", "ExerciseDefiningClasse\ExerciseDefiningClasse.csproj", "{8CA06F23-3CFF-46F9-8569-8BED35ED0ABD}"
EndProject
Global
	GlobalSection(SolutionConfigurationPlatforms) = preSolution
		Debug|Any CPU = Debug|Any CPU
		Release|Any CPU = Release|Any CPU
	EndGlobalSection
	GlobalSection(ProjectConfigurationPlatforms) = postSolution
		{4B193857-D5EC-4222-8ED9-CB65031F6004}.Debug|Any CPU.ActiveCfg = Debug|Any CPU
		{4B193857-D5EC-4222-8ED9-CB65031F6004}.Debug|Any CPU.Build.0 = Debug|Any CPU
		{4B193857-D5EC-4222-8ED9-CB65031F6004}.Release|Any CPU.ActiveCfg = Release|Any CPU
		{4B193857-D5EC-4222-8ED9-CB65031F6004}.Release|Any CPU.Build.0 = Release|Any CPU
		{50163509-8EFD-4C55-A45C-6103EFD5F576}.Debug|Any CPU.ActiveCfg = Debug|Any CPU
		{50163509-8EFD-4C55-A45C-6103EFD5F576}.Debug|Any CPU.Build.0 = Debug|Any CPU
		{50163509-8EFD-4C55-A45C-6103EFD5F576}.Release|Any CPU.ActiveCfg = Release|Any CPU
		{50163509-8EFD-4C55-A45C-6103EFD5F576}.Release|Any CPU.Build.0 = Release|Any CPU
		{2B7F74E7-8C81-46E0-A644-590089C9C908}.Debug|Any CPU.ActiveCfg = Debug|Any CPU
		{2B7F74E7-8C81-46E0-A644-590089C9C908}.Debug|Any CPU.Build.0 = Debug|Any CPU
		{2B7F74E7-8C81-46E0-A644-590089C9C908}.Release|Any CPU.ActiveCfg = Release|Any CPU
		{2B7F74E7-8C81-46E0-A644-590089C9C908}.Release|Any CPU.Build.0 = Release|Any CPU
		{8CA06F23-3CFF-46F9-8569-8BED35ED0ABD}.Debug|Any CPU.ActiveCfg = Debug|Any CPU
		{8CA06F23-3CFF-46F9-8569-8BED35ED0ABD}.Debug|Any CPU.Build.0 = Debug|Any CPU
		{8CA06F23-3CFF-46F9-8569-8BED35ED0ABD}.Release|Any CPU.ActiveCfg = Release|Any CPU
		{8CA06F23-3CFF-46F9-8569-8BED35ED0ABD}.Release|Any CPU.Build.0 = Release|Any CPU
	EndGlobalSection
	GlobalSection(SolutionProperties) = preSolution
		HideSolutionNode = FALSE
	EndGlobalSection
EndGlobal
