
Microsoft Visual Studio Solution File, Format Version 12.00
# Visual Studio 14
VisualStudioVersion = 14.0.23107.0
MinimumVisualStudioVersion = 10.0.40219.1
Project("{FAE04EC0-301F-11D3-BF4B-00C04F79EFBC}") = "Person", "Person\Person.csproj", "{75C7E87E-CD2C-473F-9756-03AD6FF0EAF8}"
EndProject
Project("{FAE04EC0-301F-11D3-BF4B-00C04F79EFBC}") = "BookShop", "BookShop\BookShop.csproj", "{95099E87-725A-4D28-B75F-D3D8EDD56486}"
EndProject
Project("{FAE04EC0-301F-11D3-BF4B-00C04F79EFBC}") = "Mankind", "Mankind\Mankind.csproj", "{63DE8B5C-3BB2-4E10-8E49-E39BD05257E7}"
EndProject
Project("{FAE04EC0-301F-11D3-BF4B-00C04F79EFBC}") = "Mordor’s Cruelty Plan", "Mordor’s Cruelty Plan\Mordor’s Cruelty Plan.csproj", "{8DCBF8B9-EE78-48EA-BA47-27B1A46874DE}"
EndProject
Global
	GlobalSection(SolutionConfigurationPlatforms) = preSolution
		Debug|Any CPU = Debug|Any CPU
		Release|Any CPU = Release|Any CPU
	EndGlobalSection
	GlobalSection(ProjectConfigurationPlatforms) = postSolution
		{75C7E87E-CD2C-473F-9756-03AD6FF0EAF8}.Debug|Any CPU.ActiveCfg = Debug|Any CPU
		{75C7E87E-CD2C-473F-9756-03AD6FF0EAF8}.Debug|Any CPU.Build.0 = Debug|Any CPU
		{75C7E87E-CD2C-473F-9756-03AD6FF0EAF8}.Release|Any CPU.ActiveCfg = Release|Any CPU
		{75C7E87E-CD2C-473F-9756-03AD6FF0EAF8}.Release|Any CPU.Build.0 = Release|Any CPU
		{95099E87-725A-4D28-B75F-D3D8EDD56486}.Debug|Any CPU.ActiveCfg = Debug|Any CPU
		{95099E87-725A-4D28-B75F-D3D8EDD56486}.Debug|Any CPU.Build.0 = Debug|Any CPU
		{95099E87-725A-4D28-B75F-D3D8EDD56486}.Release|Any CPU.ActiveCfg = Release|Any CPU
		{95099E87-725A-4D28-B75F-D3D8EDD56486}.Release|Any CPU.Build.0 = Release|Any CPU
		{63DE8B5C-3BB2-4E10-8E49-E39BD05257E7}.Debug|Any CPU.ActiveCfg = Debug|Any CPU
		{63DE8B5C-3BB2-4E10-8E49-E39BD05257E7}.Debug|Any CPU.Build.0 = Debug|Any CPU
		{63DE8B5C-3BB2-4E10-8E49-E39BD05257E7}.Release|Any CPU.ActiveCfg = Release|Any CPU
		{63DE8B5C-3BB2-4E10-8E49-E39BD05257E7}.Release|Any CPU.Build.0 = Release|Any CPU
		{8DCBF8B9-EE78-48EA-BA47-27B1A46874DE}.Debug|Any CPU.ActiveCfg = Debug|Any CPU
		{8DCBF8B9-EE78-48EA-BA47-27B1A46874DE}.Debug|Any CPU.Build.0 = Debug|Any CPU
		{8DCBF8B9-EE78-48EA-BA47-27B1A46874DE}.Release|Any CPU.ActiveCfg = Release|Any CPU
		{8DCBF8B9-EE78-48EA-BA47-27B1A46874DE}.Release|Any CPU.Build.0 = Release|Any CPU
	EndGlobalSection
	GlobalSection(SolutionProperties) = preSolution
		HideSolutionNode = FALSE
	EndGlobalSection
EndGlobal
