
Microsoft Visual Studio Solution File, Format Version 12.00
# Visual Studio 14
VisualStudioVersion = 14.0.23107.0
MinimumVisualStudioVersion = 10.0.40219.1
Project("{FAE04EC0-301F-11D3-BF4B-00C04F79EFBC}") = "Problem1CustomLINQExtensionMethods", "Problem1CustomLINQExtensionMethods\Problem1CustomLINQExtensionMethods.csproj", "{A85C5D1F-6699-4099-9D01-272E791A6A50}"
EndProject
Project("{FAE04EC0-301F-11D3-BF4B-00C04F79EFBC}") = "Problem2InterestCalculator", "Problem2InterestCalculator\Problem2InterestCalculator.csproj", "{8D4B484A-0E1D-4B4A-806C-2D87DE14E095}"
EndProject
Project("{FAE04EC0-301F-11D3-BF4B-00C04F79EFBC}") = "Problem3AsynchronousTimer", "Problem3AsynchronousTimer\Problem3AsynchronousTimer.csproj", "{2AA1EE53-582A-482D-974E-DF07B609F516}"
EndProject
Project("{FAE04EC0-301F-11D3-BF4B-00C04F79EFBC}") = "Problem4StudentClass", "Problem4StudentClass\Problem4StudentClass.csproj", "{56A92B90-83B5-41C3-B858-1CB26D4C0183}"
EndProject
Project("{FAE04EC0-301F-11D3-BF4B-00C04F79EFBC}") = "CustomLINQExtensionMethod.Test", "CustomLINQExtensionMethod.Test\CustomLINQExtensionMethod.Test.csproj", "{AA0DB216-8501-498F-B1D5-F2B1B5234059}"
EndProject
Global
	GlobalSection(SolutionConfigurationPlatforms) = preSolution
		Debug|Any CPU = Debug|Any CPU
		Release|Any CPU = Release|Any CPU
	EndGlobalSection
	GlobalSection(ProjectConfigurationPlatforms) = postSolution
		{A85C5D1F-6699-4099-9D01-272E791A6A50}.Debug|Any CPU.ActiveCfg = Debug|Any CPU
		{A85C5D1F-6699-4099-9D01-272E791A6A50}.Debug|Any CPU.Build.0 = Debug|Any CPU
		{A85C5D1F-6699-4099-9D01-272E791A6A50}.Release|Any CPU.ActiveCfg = Release|Any CPU
		{A85C5D1F-6699-4099-9D01-272E791A6A50}.Release|Any CPU.Build.0 = Release|Any CPU
		{8D4B484A-0E1D-4B4A-806C-2D87DE14E095}.Debug|Any CPU.ActiveCfg = Debug|Any CPU
		{8D4B484A-0E1D-4B4A-806C-2D87DE14E095}.Debug|Any CPU.Build.0 = Debug|Any CPU
		{8D4B484A-0E1D-4B4A-806C-2D87DE14E095}.Release|Any CPU.ActiveCfg = Release|Any CPU
		{8D4B484A-0E1D-4B4A-806C-2D87DE14E095}.Release|Any CPU.Build.0 = Release|Any CPU
		{2AA1EE53-582A-482D-974E-DF07B609F516}.Debug|Any CPU.ActiveCfg = Debug|Any CPU
		{2AA1EE53-582A-482D-974E-DF07B609F516}.Debug|Any CPU.Build.0 = Debug|Any CPU
		{2AA1EE53-582A-482D-974E-DF07B609F516}.Release|Any CPU.ActiveCfg = Release|Any CPU
		{2AA1EE53-582A-482D-974E-DF07B609F516}.Release|Any CPU.Build.0 = Release|Any CPU
		{56A92B90-83B5-41C3-B858-1CB26D4C0183}.Debug|Any CPU.ActiveCfg = Debug|Any CPU
		{56A92B90-83B5-41C3-B858-1CB26D4C0183}.Debug|Any CPU.Build.0 = Debug|Any CPU
		{56A92B90-83B5-41C3-B858-1CB26D4C0183}.Release|Any CPU.ActiveCfg = Release|Any CPU
		{56A92B90-83B5-41C3-B858-1CB26D4C0183}.Release|Any CPU.Build.0 = Release|Any CPU
		{AA0DB216-8501-498F-B1D5-F2B1B5234059}.Debug|Any CPU.ActiveCfg = Debug|Any CPU
		{AA0DB216-8501-498F-B1D5-F2B1B5234059}.Debug|Any CPU.Build.0 = Debug|Any CPU
		{AA0DB216-8501-498F-B1D5-F2B1B5234059}.Release|Any CPU.ActiveCfg = Release|Any CPU
		{AA0DB216-8501-498F-B1D5-F2B1B5234059}.Release|Any CPU.Build.0 = Release|Any CPU
	EndGlobalSection
	GlobalSection(SolutionProperties) = preSolution
		HideSolutionNode = FALSE
	EndGlobalSection
EndGlobal
